
Microsoft Visual Studio Solution File, Format Version 12.00
# Visual Studio 15
VisualStudioVersion = 15.0.28307.168
MinimumVisualStudioVersion = 10.0.40219.1
Project("{FAE04EC0-301F-11D3-BF4B-00C04F79EFBC}") = "MusicWatcher", "MusicWatcher\MusicWatcher.csproj", "{E1EB2D20-F3DD-4E1D-B5CC-0866015E2463}"
EndProject
Project("{FAE04EC0-301F-11D3-BF4B-00C04F79EFBC}") = "MusicMetadataLibrary", "MusicMetadataLibrary\MusicMetadataLibrary.csproj", "{50731D9D-9DC3-4C9A-ABB3-346FDCD3E522}"
EndProject
Project("{FAE04EC0-301F-11D3-BF4B-00C04F79EFBC}") = "MusicWatcherService", "MusicWatcherService\MusicWatcherService.csproj", "{3504F562-0617-46EC-95A6-786FC6C65CAE}"
EndProject
Project("{54435603-DBB4-11D2-8724-00A0C9A8B90C}") = "MusicWatcherSetup", "MusicWatcherSetup\MusicWatcherSetup.vdproj", "{470DC044-3460-4AD2-BEE4-B9E6BD5C9DDC}"
EndProject
Project("{FAE04EC0-301F-11D3-BF4B-00C04F79EFBC}") = "MusicMetadataLibraryTests", "MusicMetadataLibraryTests\MusicMetadataLibraryTests.csproj", "{AC45DB99-1953-477F-89C4-29BE8828AB3E}"
EndProject
Global
	GlobalSection(SolutionConfigurationPlatforms) = preSolution
		Debug|Any CPU = Debug|Any CPU
		Release|Any CPU = Release|Any CPU
	EndGlobalSection
	GlobalSection(ProjectConfigurationPlatforms) = postSolution
		{E1EB2D20-F3DD-4E1D-B5CC-0866015E2463}.Debug|Any CPU.ActiveCfg = Debug|Any CPU
		{E1EB2D20-F3DD-4E1D-B5CC-0866015E2463}.Debug|Any CPU.Build.0 = Debug|Any CPU
		{E1EB2D20-F3DD-4E1D-B5CC-0866015E2463}.Release|Any CPU.ActiveCfg = Release|Any CPU
		{E1EB2D20-F3DD-4E1D-B5CC-0866015E2463}.Release|Any CPU.Build.0 = Release|Any CPU
		{50731D9D-9DC3-4C9A-ABB3-346FDCD3E522}.Debug|Any CPU.ActiveCfg = Debug|Any CPU
		{50731D9D-9DC3-4C9A-ABB3-346FDCD3E522}.Debug|Any CPU.Build.0 = Debug|Any CPU
		{50731D9D-9DC3-4C9A-ABB3-346FDCD3E522}.Release|Any CPU.ActiveCfg = Release|Any CPU
		{50731D9D-9DC3-4C9A-ABB3-346FDCD3E522}.Release|Any CPU.Build.0 = Release|Any CPU
		{3504F562-0617-46EC-95A6-786FC6C65CAE}.Debug|Any CPU.ActiveCfg = Debug|Any CPU
		{3504F562-0617-46EC-95A6-786FC6C65CAE}.Debug|Any CPU.Build.0 = Debug|Any CPU
		{3504F562-0617-46EC-95A6-786FC6C65CAE}.Release|Any CPU.ActiveCfg = Release|Any CPU
		{3504F562-0617-46EC-95A6-786FC6C65CAE}.Release|Any CPU.Build.0 = Release|Any CPU
		{470DC044-3460-4AD2-BEE4-B9E6BD5C9DDC}.Debug|Any CPU.ActiveCfg = Debug
		{470DC044-3460-4AD2-BEE4-B9E6BD5C9DDC}.Release|Any CPU.ActiveCfg = Release
		{AC45DB99-1953-477F-89C4-29BE8828AB3E}.Debug|Any CPU.ActiveCfg = Debug|Any CPU
		{AC45DB99-1953-477F-89C4-29BE8828AB3E}.Debug|Any CPU.Build.0 = Debug|Any CPU
		{AC45DB99-1953-477F-89C4-29BE8828AB3E}.Release|Any CPU.ActiveCfg = Release|Any CPU
		{AC45DB99-1953-477F-89C4-29BE8828AB3E}.Release|Any CPU.Build.0 = Release|Any CPU
	EndGlobalSection
	GlobalSection(SolutionProperties) = preSolution
		HideSolutionNode = FALSE
	EndGlobalSection
	GlobalSection(ExtensibilityGlobals) = postSolution
		SolutionGuid = {C0FAA639-B3AF-408D-BC8E-B6C1A40DE0D5}
	EndGlobalSection
EndGlobal
